
Microsoft Visual Studio Solution File, Format Version 12.00
# Visual Studio Version 16
VisualStudioVersion = 16.0.31129.286
MinimumVisualStudioVersion = 10.0.40219.1
Project("{FAE04EC0-301F-11D3-BF4B-00C04F79EFBC}") = "BackEndClass", "BackEndClass\BackEndClass.csproj", "{148047E5-A042-471B-B6C8-3877C694FC24}"
EndProject
Global
	GlobalSection(SolutionConfigurationPlatforms) = preSolution
		Debug|Any CPU = Debug|Any CPU
		Release|Any CPU = Release|Any CPU
	EndGlobalSection
	GlobalSection(ProjectConfigurationPlatforms) = postSolution
		{148047E5-A042-471B-B6C8-3877C694FC24}.Debug|Any CPU.ActiveCfg = Debug|Any CPU
		{148047E5-A042-471B-B6C8-3877C694FC24}.Debug|Any CPU.Build.0 = Debug|Any CPU
		{148047E5-A042-471B-B6C8-3877C694FC24}.Release|Any CPU.ActiveCfg = Release|Any CPU
		{148047E5-A042-471B-B6C8-3877C694FC24}.Release|Any CPU.Build.0 = Release|Any CPU
	EndGlobalSection
	GlobalSection(SolutionProperties) = preSolution
		HideSolutionNode = FALSE
	EndGlobalSection
	GlobalSection(ExtensibilityGlobals) = postSolution
		SolutionGuid = {187DAE8E-D17B-47AE-8B34-40E7E44A803C}
	EndGlobalSection
EndGlobal
